
Microsoft Visual Studio Solution File, Format Version 12.00
# Visual Studio Version 17
VisualStudioVersion = 17.10.34928.147
MinimumVisualStudioVersion = 10.0.40219.1
Project("{FAE04EC0-301F-11D3-BF4B-00C04F79EFBC}") = "Task", "Task\Task.csproj", "{19143C07-D1B9-48BF-BF62-ABBD7DCE3D56}"
EndProject
Project("{FAE04EC0-301F-11D3-BF4B-00C04F79EFBC}") = "DatabaseConnection", "DatabaseConnection\DatabaseConnection.csproj", "{A5A1DA61-6963-48DC-AEB2-426A70DBFFF5}"
EndProject
Project("{FAE04EC0-301F-11D3-BF4B-00C04F79EFBC}") = "CoreLayout", "CoreLayout\CoreLayout.csproj", "{5E5FBFD5-4A86-408B-A2CF-6A1197C97ACC}"
EndProject
Global
	GlobalSection(SolutionConfigurationPlatforms) = preSolution
		Debug|Any CPU = Debug|Any CPU
		Release|Any CPU = Release|Any CPU
	EndGlobalSection
	GlobalSection(ProjectConfigurationPlatforms) = postSolution
		{19143C07-D1B9-48BF-BF62-ABBD7DCE3D56}.Debug|Any CPU.ActiveCfg = Debug|Any CPU
		{19143C07-D1B9-48BF-BF62-ABBD7DCE3D56}.Debug|Any CPU.Build.0 = Debug|Any CPU
		{19143C07-D1B9-48BF-BF62-ABBD7DCE3D56}.Release|Any CPU.ActiveCfg = Release|Any CPU
		{19143C07-D1B9-48BF-BF62-ABBD7DCE3D56}.Release|Any CPU.Build.0 = Release|Any CPU
		{A5A1DA61-6963-48DC-AEB2-426A70DBFFF5}.Debug|Any CPU.ActiveCfg = Debug|Any CPU
		{A5A1DA61-6963-48DC-AEB2-426A70DBFFF5}.Debug|Any CPU.Build.0 = Debug|Any CPU
		{A5A1DA61-6963-48DC-AEB2-426A70DBFFF5}.Release|Any CPU.ActiveCfg = Release|Any CPU
		{A5A1DA61-6963-48DC-AEB2-426A70DBFFF5}.Release|Any CPU.Build.0 = Release|Any CPU
		{5E5FBFD5-4A86-408B-A2CF-6A1197C97ACC}.Debug|Any CPU.ActiveCfg = Debug|Any CPU
		{5E5FBFD5-4A86-408B-A2CF-6A1197C97ACC}.Debug|Any CPU.Build.0 = Debug|Any CPU
		{5E5FBFD5-4A86-408B-A2CF-6A1197C97ACC}.Release|Any CPU.ActiveCfg = Release|Any CPU
		{5E5FBFD5-4A86-408B-A2CF-6A1197C97ACC}.Release|Any CPU.Build.0 = Release|Any CPU
	EndGlobalSection
	GlobalSection(SolutionProperties) = preSolution
		HideSolutionNode = FALSE
	EndGlobalSection
	GlobalSection(ExtensibilityGlobals) = postSolution
		SolutionGuid = {064ED95D-645D-4374-9CCB-3EA31938F4D5}
	EndGlobalSection
EndGlobal
